// !$*UTF8*$!
{
	archiveVersion = 1;
	classes = {
	};
	objectVersion = 46;
	objects = {

/* Begin PBXBuildFile section */
		AB4D0C9717AD5B52008CCA21 /* Cocoa.framework in Frameworks */ = {isa = PBXBuildFile; fileRef = AB4D0C9617AD5B52008CCA21 /* Cocoa.framework */; };
		AB4D0CA117AD5B52008CCA21 /* InfoPlist.strings in Resources */ = {isa = PBXBuildFile; fileRef = AB4D0C9F17AD5B52008CCA21 /* InfoPlist.strings */; };
		AB4D0CA317AD5B52008CCA21 /* main.m in Sources */ = {isa = PBXBuildFile; fileRef = AB4D0CA217AD5B52008CCA21 /* main.m */; };
		AB4D0CA717AD5B52008CCA21 /* Credits.rtf in Resources */ = {isa = PBXBuildFile; fileRef = AB4D0CA517AD5B52008CCA21 /* Credits.rtf */; };
		AB4D0CAA17AD5B52008CCA21 /* OBCAppDelegate.m in Sources */ = {isa = PBXBuildFile; fileRef = AB4D0CA917AD5B52008CCA21 /* OBCAppDelegate.m */; };
		AB4D0CAD17AD5B52008CCA21 /* MainMenu.xib in Resources */ = {isa = PBXBuildFile; fileRef = AB4D0CAB17AD5B52008CCA21 /* MainMenu.xib */; };
		AB4D0CBE17AD5B69008CCA21 /* OCFWebServer.m in Sources */ = {isa = PBXBuildFile; fileRef = AB4D0CB417AD5B69008CCA21 /* OCFWebServer.m */; };
		AB4D0CC017AD5B69008CCA21 /* OCFWebServerConnection.m in Sources */ = {isa = PBXBuildFile; fileRef = AB4D0CB617AD5B69008CCA21 /* OCFWebServerConnection.m */; };
		AB4D0CC317AD5B69008CCA21 /* OCFWebServerRequest.m in Sources */ = {isa = PBXBuildFile; fileRef = AB4D0CB917AD5B69008CCA21 /* OCFWebServerRequest.m */; };
		AB4D0CC517AD5B69008CCA21 /* OCFWebServerResponse.m in Sources */ = {isa = PBXBuildFile; fileRef = AB4D0CBB17AD5B69008CCA21 /* OCFWebServerResponse.m */; };
/* End PBXBuildFile section */

/* Begin PBXFileReference section */
		AB4D0C9317AD5B52008CCA21 /* OCFWebServer Mac Example.app */ = {isa = PBXFileReference; explicitFileType = wrapper.application; includeInIndex = 0; path = "OCFWebServer Mac Example.app"; sourceTree = BUILT_PRODUCTS_DIR; };
		AB4D0C9617AD5B52008CCA21 /* Cocoa.framework */ = {isa = PBXFileReference; lastKnownFileType = wrapper.framework; name = Cocoa.framework; path = System/Library/Frameworks/Cocoa.framework; sourceTree = SDKROOT; };
		AB4D0C9917AD5B52008CCA21 /* AppKit.framework */ = {isa = PBXFileReference; lastKnownFileType = wrapper.framework; name = AppKit.framework; path = System/Library/Frameworks/AppKit.framework; sourceTree = SDKROOT; };
		AB4D0C9A17AD5B52008CCA21 /* CoreData.framework */ = {isa = PBXFileReference; lastKnownFileType = wrapper.framework; name = CoreData.framework; path = System/Library/Frameworks/CoreData.framework; sourceTree = SDKROOT; };
		AB4D0C9B17AD5B52008CCA21 /* Foundation.framework */ = {isa = PBXFileReference; lastKnownFileType = wrapper.framework; name = Foundation.framework; path = System/Library/Frameworks/Foundation.framework; sourceTree = SDKROOT; };
		AB4D0C9E17AD5B52008CCA21 /* OCFWebServer Mac Example-Info.plist */ = {isa = PBXFileReference; lastKnownFileType = text.plist.xml; path = "OCFWebServer Mac Example-Info.plist"; sourceTree = "<group>"; };
		AB4D0CA017AD5B52008CCA21 /* en */ = {isa = PBXFileReference; lastKnownFileType = text.plist.strings; name = en; path = en.lproj/InfoPlist.strings; sourceTree = "<group>"; };
		AB4D0CA217AD5B52008CCA21 /* main.m */ = {isa = PBXFileReference; lastKnownFileType = sourcecode.c.objc; path = main.m; sourceTree = "<group>"; };
		AB4D0CA417AD5B52008CCA21 /* OCFWebServer Mac Example-Prefix.pch */ = {isa = PBXFileReference; lastKnownFileType = sourcecode.c.h; path = "OCFWebServer Mac Example-Prefix.pch"; sourceTree = "<group>"; };
		AB4D0CA617AD5B52008CCA21 /* en */ = {isa = PBXFileReference; lastKnownFileType = text.rtf; name = en; path = en.lproj/Credits.rtf; sourceTree = "<group>"; };
		AB4D0CA817AD5B52008CCA21 /* OBCAppDelegate.h */ = {isa = PBXFileReference; lastKnownFileType = sourcecode.c.h; path = OBCAppDelegate.h; sourceTree = "<group>"; };
		AB4D0CA917AD5B52008CCA21 /* OBCAppDelegate.m */ = {isa = PBXFileReference; lastKnownFileType = sourcecode.c.objc; path = OBCAppDelegate.m; sourceTree = "<group>"; };
		AB4D0CAC17AD5B52008CCA21 /* en */ = {isa = PBXFileReference; lastKnownFileType = file.xib; name = en; path = en.lproj/MainMenu.xib; sourceTree = "<group>"; };
		AB4D0CB317AD5B69008CCA21 /* OCFWebServer.h */ = {isa = PBXFileReference; lastKnownFileType = sourcecode.c.h; path = OCFWebServer.h; sourceTree = "<group>"; };
		AB4D0CB417AD5B69008CCA21 /* OCFWebServer.m */ = {isa = PBXFileReference; lastKnownFileType = sourcecode.c.objc; path = OCFWebServer.m; sourceTree = "<group>"; };
		AB4D0CB517AD5B69008CCA21 /* OCFWebServerConnection.h */ = {isa = PBXFileReference; lastKnownFileType = sourcecode.c.h; path = OCFWebServerConnection.h; sourceTree = "<group>"; };
		AB4D0CB617AD5B69008CCA21 /* OCFWebServerConnection.m */ = {isa = PBXFileReference; lastKnownFileType = sourcecode.c.objc; path = OCFWebServerConnection.m; sourceTree = "<group>"; };
		AB4D0CB717AD5B69008CCA21 /* OCFWebServerPrivate.h */ = {isa = PBXFileReference; lastKnownFileType = sourcecode.c.h; path = OCFWebServerPrivate.h; sourceTree = "<group>"; };
		AB4D0CB817AD5B69008CCA21 /* OCFWebServerRequest.h */ = {isa = PBXFileReference; lastKnownFileType = sourcecode.c.h; path = OCFWebServerRequest.h; sourceTree = "<group>"; };
		AB4D0CB917AD5B69008CCA21 /* OCFWebServerRequest.m */ = {isa = PBXFileReference; lastKnownFileType = sourcecode.c.objc; path = OCFWebServerRequest.m; sourceTree = "<group>"; };
		AB4D0CBA17AD5B69008CCA21 /* OCFWebServerResponse.h */ = {isa = PBXFileReference; lastKnownFileType = sourcecode.c.h; path = OCFWebServerResponse.h; sourceTree = "<group>"; };
		AB4D0CBB17AD5B69008CCA21 /* OCFWebServerResponse.m */ = {isa = PBXFileReference; lastKnownFileType = sourcecode.c.objc; path = OCFWebServerResponse.m; sourceTree = "<group>"; };
/* End PBXFileReference section */

/* Begin PBXFrameworksBuildPhase section */
		AB4D0C9017AD5B52008CCA21 /* Frameworks */ = {
			isa = PBXFrameworksBuildPhase;
			buildActionMask = 2147483647;
			files = (
				AB4D0C9717AD5B52008CCA21 /* Cocoa.framework in Frameworks */,
			);
			runOnlyForDeploymentPostprocessing = 0;
		};
/* End PBXFrameworksBuildPhase section */

/* Begin PBXGroup section */
		AB4D0C8A17AD5B52008CCA21 = {
			isa = PBXGroup;
			children = (
				AB4D0C9C17AD5B52008CCA21 /* OCFWebServer Mac Example */,
				AB4D0C9517AD5B52008CCA21 /* Frameworks */,
				AB4D0C9417AD5B52008CCA21 /* Products */,
			);
			indentWidth = 2;
			sourceTree = "<group>";
			tabWidth = 2;
		};
		AB4D0C9417AD5B52008CCA21 /* Products */ = {
			isa = PBXGroup;
			children = (
				AB4D0C9317AD5B52008CCA21 /* OCFWebServer Mac Example.app */,
			);
			name = Products;
			sourceTree = "<group>";
		};
		AB4D0C9517AD5B52008CCA21 /* Frameworks */ = {
			isa = PBXGroup;
			children = (
				AB4D0C9617AD5B52008CCA21 /* Cocoa.framework */,
				AB4D0C9817AD5B52008CCA21 /* Other Frameworks */,
			);
			name = Frameworks;
			sourceTree = "<group>";
		};
		AB4D0C9817AD5B52008CCA21 /* Other Frameworks */ = {
			isa = PBXGroup;
			children = (
				AB4D0C9917AD5B52008CCA21 /* AppKit.framework */,
				AB4D0C9A17AD5B52008CCA21 /* CoreData.framework */,
				AB4D0C9B17AD5B52008CCA21 /* Foundation.framework */,
			);
			name = "Other Frameworks";
			sourceTree = "<group>";
		};
		AB4D0C9C17AD5B52008CCA21 /* OCFWebServer Mac Example */ = {
			isa = PBXGroup;
			children = (
				AB4D0CBC17AD5B69008CCA21 /* OCFWebServer */,
				AB4D0CA817AD5B52008CCA21 /* OBCAppDelegate.h */,
				AB4D0CA917AD5B52008CCA21 /* OBCAppDelegate.m */,
				AB4D0CAB17AD5B52008CCA21 /* MainMenu.xib */,
				AB4D0C9D17AD5B52008CCA21 /* Supporting Files */,
			);
			path = "OCFWebServer Mac Example";
			sourceTree = "<group>";
		};
		AB4D0C9D17AD5B52008CCA21 /* Supporting Files */ = {
			isa = PBXGroup;
			children = (
				AB4D0C9E17AD5B52008CCA21 /* OCFWebServer Mac Example-Info.plist */,
				AB4D0C9F17AD5B52008CCA21 /* InfoPlist.strings */,
				AB4D0CA217AD5B52008CCA21 /* main.m */,
				AB4D0CA417AD5B52008CCA21 /* OCFWebServer Mac Example-Prefix.pch */,
				AB4D0CA517AD5B52008CCA21 /* Credits.rtf */,
			);
			name = "Supporting Files";
			sourceTree = "<group>";
		};
		AB4D0CBC17AD5B69008CCA21 /* OCFWebServer */ = {
			isa = PBXGroup;
			children = (
				AB4D0CB317AD5B69008CCA21 /* OCFWebServer.h */,
				AB4D0CB417AD5B69008CCA21 /* OCFWebServer.m */,
				AB4D0CB517AD5B69008CCA21 /* OCFWebServerConnection.h */,
				AB4D0CB617AD5B69008CCA21 /* OCFWebServerConnection.m */,
				AB4D0CB717AD5B69008CCA21 /* OCFWebServerPrivate.h */,
				AB4D0CB817AD5B69008CCA21 /* OCFWebServerRequest.h */,
				AB4D0CB917AD5B69008CCA21 /* OCFWebServerRequest.m */,
				AB4D0CBA17AD5B69008CCA21 /* OCFWebServerResponse.h */,
				AB4D0CBB17AD5B69008CCA21 /* OCFWebServerResponse.m */,
			);
			name = OCFWebServer;
			path = ../../OCFWebServer;
			sourceTree = "<group>";
		};
/* End PBXGroup section */

/* Begin PBXNativeTarget section */
		AB4D0C9217AD5B52008CCA21 /* OCFWebServer Mac Example */ = {
			isa = PBXNativeTarget;
			buildConfigurationList = AB4D0CB017AD5B52008CCA21 /* Build configuration list for PBXNativeTarget "OCFWebServer Mac Example" */;
			buildPhases = (
				AB4D0C8F17AD5B52008CCA21 /* Sources */,
				AB4D0C9017AD5B52008CCA21 /* Frameworks */,
				AB4D0C9117AD5B52008CCA21 /* Resources */,
			);
			buildRules = (
			);
			dependencies = (
			);
			name = "OCFWebServer Mac Example";
			productName = "OCFWebServer Mac Example";
			productReference = AB4D0C9317AD5B52008CCA21 /* OCFWebServer Mac Example.app */;
			productType = "com.apple.product-type.application";
		};
/* End PBXNativeTarget section */

/* Begin PBXProject section */
		AB4D0C8B17AD5B52008CCA21 /* Project object */ = {
			isa = PBXProject;
			attributes = {
				CLASSPREFIX = OBC;
				LastUpgradeCheck = 0500;
				ORGANIZATIONNAME = "Objective-Cloud.com";
			};
			buildConfigurationList = AB4D0C8E17AD5B52008CCA21 /* Build configuration list for PBXProject "OCFWebServer Mac Example" */;
			compatibilityVersion = "Xcode 3.2";
			developmentRegion = English;
			hasScannedForEncodings = 0;
			knownRegions = (
				en,
			);
			mainGroup = AB4D0C8A17AD5B52008CCA21;
			productRefGroup = AB4D0C9417AD5B52008CCA21 /* Products */;
			projectDirPath = "";
			projectRoot = "";
			targets = (
				AB4D0C9217AD5B52008CCA21 /* OCFWebServer Mac Example */,
			);
		};
/* End PBXProject section */

/* Begin PBXResourcesBuildPhase section */
		AB4D0C9117AD5B52008CCA21 /* Resources */ = {
			isa = PBXResourcesBuildPhase;
			buildActionMask = 2147483647;
			files = (
				AB4D0CA117AD5B52008CCA21 /* InfoPlist.strings in Resources */,
				AB4D0CA717AD5B52008CCA21 /* Credits.rtf in Resources */,
				AB4D0CAD17AD5B52008CCA21 /* MainMenu.xib in Resources */,
			);
			runOnlyForDeploymentPostprocessing = 0;
		};
/* End PBXResourcesBuildPhase section */

/* Begin PBXSourcesBuildPhase section */
		AB4D0C8F17AD5B52008CCA21 /* Sources */ = {
			isa = PBXSourcesBuildPhase;
			buildActionMask = 2147483647;
			files = (
				AB4D0CA317AD5B52008CCA21 /* main.m in Sources */,
				AB4D0CAA17AD5B52008CCA21 /* OBCAppDelegate.m in Sources */,
				AB4D0CBE17AD5B69008CCA21 /* OCFWebServer.m in Sources */,
				AB4D0CC017AD5B69008CCA21 /* OCFWebServerConnection.m in Sources */,
				AB4D0CC317AD5B69008CCA21 /* OCFWebServerRequest.m in Sources */,
				AB4D0CC517AD5B69008CCA21 /* OCFWebServerResponse.m in Sources */,
			);
			runOnlyForDeploymentPostprocessing = 0;
		};
/* End PBXSourcesBuildPhase section */

/* Begin PBXVariantGroup section */
		AB4D0C9F17AD5B52008CCA21 /* InfoPlist.strings */ = {
			isa = PBXVariantGroup;
			children = (
				AB4D0CA017AD5B52008CCA21 /* en */,
			);
			name = InfoPlist.strings;
			sourceTree = "<group>";
		};
		AB4D0CA517AD5B52008CCA21 /* Credits.rtf */ = {
			isa = PBXVariantGroup;
			children = (
				AB4D0CA617AD5B52008CCA21 /* en */,
			);
			name = Credits.rtf;
			sourceTree = "<group>";
		};
		AB4D0CAB17AD5B52008CCA21 /* MainMenu.xib */ = {
			isa = PBXVariantGroup;
			children = (
				AB4D0CAC17AD5B52008CCA21 /* en */,
			);
			name = MainMenu.xib;
			sourceTree = "<group>";
		};
/* End PBXVariantGroup section */

/* Begin XCBuildConfiguration section */
		AB4D0CAE17AD5B52008CCA21 /* Debug */ = {
			isa = XCBuildConfiguration;
			buildSettings = {
				ALWAYS_SEARCH_USER_PATHS = NO;
				CLANG_CXX_LANGUAGE_STANDARD = "gnu++0x";
				CLANG_CXX_LIBRARY = "libc++";
				CLANG_ENABLE_OBJC_ARC = YES;
				CLANG_WARN_CONSTANT_CONVERSION = YES;
				CLANG_WARN_EMPTY_BODY = YES;
				CLANG_WARN_ENUM_CONVERSION = YES;
				CLANG_WARN_INT_CONVERSION = YES;
				CLANG_WARN__DUPLICATE_METHOD_MATCH = YES;
				COPY_PHASE_STRIP = NO;
				GCC_C_LANGUAGE_STANDARD = gnu99;
				GCC_DYNAMIC_NO_PIC = NO;
				GCC_ENABLE_OBJC_EXCEPTIONS = YES;
				GCC_OPTIMIZATION_LEVEL = 0;
				GCC_PREPROCESSOR_DEFINITIONS = (
					"DEBUG=1",
					"$(inherited)",
				);
				GCC_SYMBOLS_PRIVATE_EXTERN = NO;
				GCC_WARN_64_TO_32_BIT_CONVERSION = YES;
				GCC_WARN_ABOUT_RETURN_TYPE = YES;
				GCC_WARN_UNINITIALIZED_AUTOS = YES;
				GCC_WARN_UNUSED_VARIABLE = YES;
				MACOSX_DEPLOYMENT_TARGET = 10.8;
				ONLY_ACTIVE_ARCH = YES;
				SDKROOT = macosx;
			};
			name = Debug;
		};
		AB4D0CAF17AD5B52008CCA21 /* Release */ = {
			isa = XCBuildConfiguration;
			buildSettings = {
				ALWAYS_SEARCH_USER_PATHS = NO;
				CLANG_CXX_LANGUAGE_STANDARD = "gnu++0x";
				CLANG_CXX_LIBRARY = "libc++";
				CLANG_ENABLE_OBJC_ARC = YES;
				CLANG_WARN_CONSTANT_CONVERSION = YES;
				CLANG_WARN_EMPTY_BODY = YES;
				CLANG_WARN_ENUM_CONVERSION = YES;
				CLANG_WARN_INT_CONVERSION = YES;
				CLANG_WARN__DUPLICATE_METHOD_MATCH = YES;
				COPY_PHASE_STRIP = YES;
				DEBUG_INFORMATION_FORMAT = "dwarf-with-dsym";
				GCC_C_LANGUAGE_STANDARD = gnu99;
				GCC_ENABLE_OBJC_EXCEPTIONS = YES;
				GCC_WARN_64_TO_32_BIT_CONVERSION = YES;
				GCC_WARN_ABOUT_RETURN_TYPE = YES;
				GCC_WARN_UNINITIALIZED_AUTOS = YES;
				GCC_WARN_UNUSED_VARIABLE = YES;
				MACOSX_DEPLOYMENT_TARGET = 10.8;
				SDKROOT = macosx;
			};
			name = Release;
		};
		AB4D0CB117AD5B52008CCA21 /* Debug */ = {
			isa = XCBuildConfiguration;
			buildSettings = {
				COMBINE_HIDPI_IMAGES = YES;
				GCC_PRECOMPILE_PREFIX_HEADER = YES;
				GCC_PREFIX_HEADER = "OCFWebServer Mac Example/OCFWebServer Mac Example-Prefix.pch";
				INFOPLIST_FILE = "OCFWebServer Mac Example/OCFWebServer Mac Example-Info.plist";
				PRODUCT_NAME = "$(TARGET_NAME)";
				WRAPPER_EXTENSION = app;
			};
			name = Debug;
		};
		AB4D0CB217AD5B52008CCA21 /* Release */ = {
			isa = XCBuildConfiguration;
			buildSettings = {
				COMBINE_HIDPI_IMAGES = YES;
				GCC_PRECOMPILE_PREFIX_HEADER = YES;
				GCC_PREFIX_HEADER = "OCFWebServer Mac Example/OCFWebServer Mac Example-Prefix.pch";
				INFOPLIST_FILE = "OCFWebServer Mac Example/OCFWebServer Mac Example-Info.plist";
				PRODUCT_NAME = "$(TARGET_NAME)";
				WRAPPER_EXTENSION = app;
			};
			name = Release;
		};
/* End XCBuildConfiguration section */

/* Begin XCConfigurationList section */
		AB4D0C8E17AD5B52008CCA21 /* Build configuration list for PBXProject "OCFWebServer Mac Example" */ = {
			isa = XCConfigurationList;
			buildConfigurations = (
				AB4D0CAE17AD5B52008CCA21 /* Debug */,
				AB4D0CAF17AD5B52008CCA21 /* Release */,
			);
			defaultConfigurationIsVisible = 0;
			defaultConfigurationName = Release;
		};
		AB4D0CB017AD5B52008CCA21 /* Build configuration list for PBXNativeTarget "OCFWebServer Mac Example" */ = {
			isa = XCConfigurationList;
			buildConfigurations = (
				AB4D0CB117AD5B52008CCA21 /* Debug */,
				AB4D0CB217AD5B52008CCA21 /* Release */,
			);
			defaultConfigurationIsVisible = 0;
			defaultConfigurationName = Release;
		};
/* End XCConfigurationList section */
	};
	rootObject = AB4D0C8B17AD5B52008CCA21 /* Project object */;
}
